<?xml version="1.0" encoding="utf-8"?>
<Project ToolsVersion="4.0" xmlns="http://schemas.microsoft.com/developer/msbuild/2003">
  <ItemGroup>
    <Filter Include="Source Files">
      <UniqueIdentifier>{4FC737F1-C7A5-4376-A066-2A32D752A2FF}</UniqueIdentifier>
      <Extensions>cpp;c;cc;cxx;def;odl;idl;hpj;bat;asm;asmx</Extensions>
    </Filter>
    <Filter Include="Header Files">
      <UniqueIdentifier>{93995380-89BD-4b04-88EB-625FBE52EBFB}</UniqueIdentifier>
      <Extensions>h;hh;hpp;hxx;hm;inl;inc;ipp;xsd</Extensions>
    </Filter>
    <Filter Include="Resource Files">
      <UniqueIdentifier>{67DA6AB6-F800-4c08-8B7A-83BB121AAD01}</UniqueIdentifier>
      <Extensions>rc;ico;cur;bmp;dlg;rc2;rct;bin;rgs;gif;jpg;jpeg;jpe;resx;tiff;tif;png;wav;mfcribbon-ms</Extensions>
    </Filter>
    <Filter Include="volrng">
      <UniqueIdentifier>{65c00c53-0845-4d2c-a8d2-1ec66d67a73b}</UniqueIdentifier>
    </Filter>
  </ItemGroup>
  <ItemGroup>
    <ClCompile Include="volrng.cpp">
      <Filter>Source Files</Filter>
    </ClCompile>
  </ItemGroup>
  <ItemGroup>
    <ClInclude Include="volrng\vhd_win.hpp">
      <Filter>volrng</Filter>
    </ClInclude>
    <ClInclude Include="volrng\test.hpp">
      <Filter>volrng</Filter>
    </ClInclude>
    <ClInclude Include="volrng\linux.hpp">
      <Filter>volrng</Filter>
    </ClInclude>
    <ClInclude Include="volrng\volume.hpp">
      <Filter>volrng</Filter>
    </ClInclude>
    <ClInclude Include="catch.hpp">
      <Filter>Header Files</Filter>
    </ClInclude>
    <ClInclude Include="mio.hpp">
      <Filter>Header Files</Filter>
    </ClInclude>
    <ClInclude Include="picosha2.hpp">
      <Filter>Header Files</Filter>
    </ClInclude>
    <ClInclude Include="volrng\block_db.hpp">
      <Filter>volrng</Filter>
    </ClInclude>
    <ClInclude Include="gsl-lite.hpp">
      <Filter>Header Files</Filter>
    </ClInclude>
    <ClInclude Include="volrng\random_path.hpp">
      <Filter>volrng</Filter>
    </ClInclude>
    <ClInclude Include="volrng\platform.hpp">
      <Filter>volrng</Filter>
    </ClInclude>
    <ClInclude Include="volrng\iscsi_win.hpp">
      <Filter>volrng</Filter>
    </ClInclude>
  </ItemGroup>
  <ItemGroup>
    <None Include=".gitignore" />
  </ItemGroup>
</Project>